
Microsoft Visual Studio Solution File, Format Version 12.00
# Visual Studio Version 16
VisualStudioVersion = 16.0.32228.343
MinimumVisualStudioVersion = 10.0.40219.1
Project("{FAE04EC0-301F-11D3-BF4B-00C04F79EFBC}") = "QLSinhVien", "QLSinhVien\QLSinhVien.csproj", "{DEA1A189-722B-4D41-B16D-7ABBA3E4BDBE}"
EndProject
Global
	GlobalSection(SolutionConfigurationPlatforms) = preSolution
		Debug|Any CPU = Debug|Any CPU
		Release|Any CPU = Release|Any CPU
	EndGlobalSection
	GlobalSection(ProjectConfigurationPlatforms) = postSolution
		{DEA1A189-722B-4D41-B16D-7ABBA3E4BDBE}.Debug|Any CPU.ActiveCfg = Debug|Any CPU
		{DEA1A189-722B-4D41-B16D-7ABBA3E4BDBE}.Debug|Any CPU.Build.0 = Debug|Any CPU
		{DEA1A189-722B-4D41-B16D-7ABBA3E4BDBE}.Release|Any CPU.ActiveCfg = Release|Any CPU
		{DEA1A189-722B-4D41-B16D-7ABBA3E4BDBE}.Release|Any CPU.Build.0 = Release|Any CPU
	EndGlobalSection
	GlobalSection(SolutionProperties) = preSolution
		HideSolutionNode = FALSE
	EndGlobalSection
	GlobalSection(ExtensibilityGlobals) = postSolution
		SolutionGuid = {E8828277-65E8-48A2-83C9-F491F762AEDD}
	EndGlobalSection
EndGlobal
